// !$*UTF8*$!
{
	archiveVersion = 1;
	classes = {
	};
	objectVersion = 50;
	objects = {

/* Begin PBXBuildFile section */
		4A043A0C90E65FDCAC5DD4AD /* Pods_iPinger.framework in Frameworks */ = {isa = PBXBuildFile; fileRef = 80C2098261C208111369931E /* Pods_iPinger.framework */; };
		76BD084AC7077AC501720DE0 /* Pods_iPingerUITests.framework in Frameworks */ = {isa = PBXBuildFile; fileRef = 16F8D86C61CCC753352102C1 /* Pods_iPingerUITests.framework */; };
		87135894CA8D87A3C8EADE02 /* Pods_iOSTestUITests.framework in Frameworks */ = {isa = PBXBuildFile; fileRef = 4415C61F51B3CC77F19AA4E3 /* Pods_iOSTestUITests.framework */; };
		8B2AA737ADDAD49B89D89944 /* Pods_iOSTestTests.framework in Frameworks */ = {isa = PBXBuildFile; fileRef = EE120DC79C449A6EBE9A795E /* Pods_iOSTestTests.framework */; };
		93871EA5C75806E654F5BB4B /* Pods_iPingerTests.framework in Frameworks */ = {isa = PBXBuildFile; fileRef = EEF1CBE1EED019F8FB36A339 /* Pods_iPingerTests.framework */; };
		E8E5BF46224B7DB000A8C24D /* AppDelegate.swift in Sources */ = {isa = PBXBuildFile; fileRef = E8E5BF45224B7DB000A8C24D /* AppDelegate.swift */; };
		E8E5BF48224B7DB000A8C24D /* ViewController.swift in Sources */ = {isa = PBXBuildFile; fileRef = E8E5BF47224B7DB000A8C24D /* ViewController.swift */; };
		E8E5BF4B224B7DB000A8C24D /* Main.storyboard in Resources */ = {isa = PBXBuildFile; fileRef = E8E5BF49224B7DB000A8C24D /* Main.storyboard */; };
		E8E5BF4E224B7DB000A8C24D /* iOSTest.xcdatamodeld in Sources */ = {isa = PBXBuildFile; fileRef = E8E5BF4C224B7DB000A8C24D /* iOSTest.xcdatamodeld */; };
		E8E5BF50224B7DB300A8C24D /* Assets.xcassets in Resources */ = {isa = PBXBuildFile; fileRef = E8E5BF4F224B7DB300A8C24D /* Assets.xcassets */; };
		E8E5BF53224B7DB300A8C24D /* LaunchScreen.storyboard in Resources */ = {isa = PBXBuildFile; fileRef = E8E5BF51224B7DB300A8C24D /* LaunchScreen.storyboard */; };
		E8E5BF5E224B7DB300A8C24D /* iOSTestTests.swift in Sources */ = {isa = PBXBuildFile; fileRef = E8E5BF5D224B7DB300A8C24D /* iOSTestTests.swift */; };
		E8E5BF69224B7DB300A8C24D /* iOSTestUITests.swift in Sources */ = {isa = PBXBuildFile; fileRef = E8E5BF68224B7DB300A8C24D /* iOSTestUITests.swift */; };
		E8E94BFD22523B9300BA9224 /* info.swift in Sources */ = {isa = PBXBuildFile; fileRef = E8E94BFC22523B9300BA9224 /* info.swift */; };
		E8E94BFF22523EA700BA9224 /* InfoViewController.swift in Sources */ = {isa = PBXBuildFile; fileRef = E8E94BFE22523EA700BA9224 /* InfoViewController.swift */; };
/* End PBXBuildFile section */

/* Begin PBXContainerItemProxy section */
		E8E5BF5A224B7DB300A8C24D /* PBXContainerItemProxy */ = {
			isa = PBXContainerItemProxy;
			containerPortal = E8E5BF3A224B7DB000A8C24D /* Project object */;
			proxyType = 1;
			remoteGlobalIDString = E8E5BF41224B7DB000A8C24D;
			remoteInfo = iOSTest;
		};
		E8E5BF65224B7DB300A8C24D /* PBXContainerItemProxy */ = {
			isa = PBXContainerItemProxy;
			containerPortal = E8E5BF3A224B7DB000A8C24D /* Project object */;
			proxyType = 1;
			remoteGlobalIDString = E8E5BF41224B7DB000A8C24D;
			remoteInfo = iOSTest;
		};
/* End PBXContainerItemProxy section */

/* Begin PBXFileReference section */
		13326E7798BABDEB22C624D6 /* Pods-iPingerUITests.debug.xcconfig */ = {isa = PBXFileReference; includeInIndex = 1; lastKnownFileType = text.xcconfig; name = "Pods-iPingerUITests.debug.xcconfig"; path = "Pods/Target Support Files/Pods-iPingerUITests/Pods-iPingerUITests.debug.xcconfig"; sourceTree = "<group>"; };
		16F8D86C61CCC753352102C1 /* Pods_iPingerUITests.framework */ = {isa = PBXFileReference; explicitFileType = wrapper.framework; includeInIndex = 0; path = Pods_iPingerUITests.framework; sourceTree = BUILT_PRODUCTS_DIR; };
		27A37A04E8D57793A1640754 /* Pods-iOSTestTests.debug.xcconfig */ = {isa = PBXFileReference; includeInIndex = 1; lastKnownFileType = text.xcconfig; name = "Pods-iOSTestTests.debug.xcconfig"; path = "Pods/Target Support Files/Pods-iOSTestTests/Pods-iOSTestTests.debug.xcconfig"; sourceTree = "<group>"; };
		297979948121B29E6BF8B00E /* Pods-iOSTestUITests.debug.xcconfig */ = {isa = PBXFileReference; includeInIndex = 1; lastKnownFileType = text.xcconfig; name = "Pods-iOSTestUITests.debug.xcconfig"; path = "Pods/Target Support Files/Pods-iOSTestUITests/Pods-iOSTestUITests.debug.xcconfig"; sourceTree = "<group>"; };
		4415C61F51B3CC77F19AA4E3 /* Pods_iOSTestUITests.framework */ = {isa = PBXFileReference; explicitFileType = wrapper.framework; includeInIndex = 0; path = Pods_iOSTestUITests.framework; sourceTree = BUILT_PRODUCTS_DIR; };
		781C5D2732C1497DA5D589DC /* Pods-iPingerTests.debug.xcconfig */ = {isa = PBXFileReference; includeInIndex = 1; lastKnownFileType = text.xcconfig; name = "Pods-iPingerTests.debug.xcconfig"; path = "Pods/Target Support Files/Pods-iPingerTests/Pods-iPingerTests.debug.xcconfig"; sourceTree = "<group>"; };
		80C2098261C208111369931E /* Pods_iPinger.framework */ = {isa = PBXFileReference; explicitFileType = wrapper.framework; includeInIndex = 0; path = Pods_iPinger.framework; sourceTree = BUILT_PRODUCTS_DIR; };
		93377B1BD8984F2982E44981 /* Pods-iPinger.debug.xcconfig */ = {isa = PBXFileReference; includeInIndex = 1; lastKnownFileType = text.xcconfig; name = "Pods-iPinger.debug.xcconfig"; path = "Pods/Target Support Files/Pods-iPinger/Pods-iPinger.debug.xcconfig"; sourceTree = "<group>"; };
		9B8F308A30510C711B997DF7 /* Pods-iOSTestUITests.release.xcconfig */ = {isa = PBXFileReference; includeInIndex = 1; lastKnownFileType = text.xcconfig; name = "Pods-iOSTestUITests.release.xcconfig"; path = "Pods/Target Support Files/Pods-iOSTestUITests/Pods-iOSTestUITests.release.xcconfig"; sourceTree = "<group>"; };
		A688F70BBC5B39C6B31CAA23 /* Pods-iPinger.release.xcconfig */ = {isa = PBXFileReference; includeInIndex = 1; lastKnownFileType = text.xcconfig; name = "Pods-iPinger.release.xcconfig"; path = "Pods/Target Support Files/Pods-iPinger/Pods-iPinger.release.xcconfig"; sourceTree = "<group>"; };
		A8494E531581D5BE3C3D0015 /* Pods-iPingerUITests.release.xcconfig */ = {isa = PBXFileReference; includeInIndex = 1; lastKnownFileType = text.xcconfig; name = "Pods-iPingerUITests.release.xcconfig"; path = "Pods/Target Support Files/Pods-iPingerUITests/Pods-iPingerUITests.release.xcconfig"; sourceTree = "<group>"; };
		B8D6F1D9F8EFE29F9C2B5F9B /* Pods_iOSTest.framework */ = {isa = PBXFileReference; explicitFileType = wrapper.framework; includeInIndex = 0; path = Pods_iOSTest.framework; sourceTree = BUILT_PRODUCTS_DIR; };
		BD05A6DE4E9F9416E837F265 /* Pods-iOSTestTests.release.xcconfig */ = {isa = PBXFileReference; includeInIndex = 1; lastKnownFileType = text.xcconfig; name = "Pods-iOSTestTests.release.xcconfig"; path = "Pods/Target Support Files/Pods-iOSTestTests/Pods-iOSTestTests.release.xcconfig"; sourceTree = "<group>"; };
		C1263E6AD48F3BB608E3D9E5 /* Pods-iOSTest.release.xcconfig */ = {isa = PBXFileReference; includeInIndex = 1; lastKnownFileType = text.xcconfig; name = "Pods-iOSTest.release.xcconfig"; path = "Pods/Target Support Files/Pods-iOSTest/Pods-iOSTest.release.xcconfig"; sourceTree = "<group>"; };
		E8E5BF42224B7DB000A8C24D /* iPinger.app */ = {isa = PBXFileReference; explicitFileType = wrapper.application; includeInIndex = 0; path = iPinger.app; sourceTree = BUILT_PRODUCTS_DIR; };
		E8E5BF45224B7DB000A8C24D /* AppDelegate.swift */ = {isa = PBXFileReference; lastKnownFileType = sourcecode.swift; path = AppDelegate.swift; sourceTree = "<group>"; };
		E8E5BF47224B7DB000A8C24D /* ViewController.swift */ = {isa = PBXFileReference; lastKnownFileType = sourcecode.swift; path = ViewController.swift; sourceTree = "<group>"; };
		E8E5BF4A224B7DB000A8C24D /* Base */ = {isa = PBXFileReference; lastKnownFileType = file.storyboard; name = Base; path = Base.lproj/Main.storyboard; sourceTree = "<group>"; };
		E8E5BF4D224B7DB000A8C24D /* iOSTest.xcdatamodel */ = {isa = PBXFileReference; lastKnownFileType = wrapper.xcdatamodel; path = iOSTest.xcdatamodel; sourceTree = "<group>"; };
		E8E5BF4F224B7DB300A8C24D /* Assets.xcassets */ = {isa = PBXFileReference; lastKnownFileType = folder.assetcatalog; path = Assets.xcassets; sourceTree = "<group>"; };
		E8E5BF52224B7DB300A8C24D /* Base */ = {isa = PBXFileReference; lastKnownFileType = file.storyboard; name = Base; path = Base.lproj/LaunchScreen.storyboard; sourceTree = "<group>"; };
		E8E5BF54224B7DB300A8C24D /* Info.plist */ = {isa = PBXFileReference; lastKnownFileType = text.plist.xml; path = Info.plist; sourceTree = "<group>"; };
		E8E5BF59224B7DB300A8C24D /* iPingerTests.xctest */ = {isa = PBXFileReference; explicitFileType = wrapper.cfbundle; includeInIndex = 0; path = iPingerTests.xctest; sourceTree = BUILT_PRODUCTS_DIR; };
		E8E5BF5D224B7DB300A8C24D /* iOSTestTests.swift */ = {isa = PBXFileReference; lastKnownFileType = sourcecode.swift; path = iOSTestTests.swift; sourceTree = "<group>"; };
		E8E5BF5F224B7DB300A8C24D /* Info.plist */ = {isa = PBXFileReference; lastKnownFileType = text.plist.xml; path = Info.plist; sourceTree = "<group>"; };
		E8E5BF64224B7DB300A8C24D /* iPingerUITests.xctest */ = {isa = PBXFileReference; explicitFileType = wrapper.cfbundle; includeInIndex = 0; path = iPingerUITests.xctest; sourceTree = BUILT_PRODUCTS_DIR; };
		E8E5BF68224B7DB300A8C24D /* iOSTestUITests.swift */ = {isa = PBXFileReference; lastKnownFileType = sourcecode.swift; path = iOSTestUITests.swift; sourceTree = "<group>"; };
		E8E5BF6A224B7DB300A8C24D /* Info.plist */ = {isa = PBXFileReference; lastKnownFileType = text.plist.xml; path = Info.plist; sourceTree = "<group>"; };
		E8E94BFC22523B9300BA9224 /* info.swift */ = {isa = PBXFileReference; lastKnownFileType = sourcecode.swift; path = info.swift; sourceTree = "<group>"; };
		E8E94BFE22523EA700BA9224 /* InfoViewController.swift */ = {isa = PBXFileReference; lastKnownFileType = sourcecode.swift; path = InfoViewController.swift; sourceTree = "<group>"; };
		EE120DC79C449A6EBE9A795E /* Pods_iOSTestTests.framework */ = {isa = PBXFileReference; explicitFileType = wrapper.framework; includeInIndex = 0; path = Pods_iOSTestTests.framework; sourceTree = BUILT_PRODUCTS_DIR; };
		EEF1CBE1EED019F8FB36A339 /* Pods_iPingerTests.framework */ = {isa = PBXFileReference; explicitFileType = wrapper.framework; includeInIndex = 0; path = Pods_iPingerTests.framework; sourceTree = BUILT_PRODUCTS_DIR; };
		FDC710F413F025304C6ED2F9 /* Pods-iOSTest.debug.xcconfig */ = {isa = PBXFileReference; includeInIndex = 1; lastKnownFileType = text.xcconfig; name = "Pods-iOSTest.debug.xcconfig"; path = "Pods/Target Support Files/Pods-iOSTest/Pods-iOSTest.debug.xcconfig"; sourceTree = "<group>"; };
		FDE27841B46204F892337D56 /* Pods-iPingerTests.release.xcconfig */ = {isa = PBXFileReference; includeInIndex = 1; lastKnownFileType = text.xcconfig; name = "Pods-iPingerTests.release.xcconfig"; path = "Pods/Target Support Files/Pods-iPingerTests/Pods-iPingerTests.release.xcconfig"; sourceTree = "<group>"; };
/* End PBXFileReference section */

/* Begin PBXFrameworksBuildPhase section */
		E8E5BF3F224B7DB000A8C24D /* Frameworks */ = {
			isa = PBXFrameworksBuildPhase;
			buildActionMask = 2147483647;
			files = (
				4A043A0C90E65FDCAC5DD4AD /* Pods_iPinger.framework in Frameworks */,
			);
			runOnlyForDeploymentPostprocessing = 0;
		};
		E8E5BF56224B7DB300A8C24D /* Frameworks */ = {
			isa = PBXFrameworksBuildPhase;
			buildActionMask = 2147483647;
			files = (
				8B2AA737ADDAD49B89D89944 /* Pods_iOSTestTests.framework in Frameworks */,
				93871EA5C75806E654F5BB4B /* Pods_iPingerTests.framework in Frameworks */,
			);
			runOnlyForDeploymentPostprocessing = 0;
		};
		E8E5BF61224B7DB300A8C24D /* Frameworks */ = {
			isa = PBXFrameworksBuildPhase;
			buildActionMask = 2147483647;
			files = (
				87135894CA8D87A3C8EADE02 /* Pods_iOSTestUITests.framework in Frameworks */,
				76BD084AC7077AC501720DE0 /* Pods_iPingerUITests.framework in Frameworks */,
			);
			runOnlyForDeploymentPostprocessing = 0;
		};
/* End PBXFrameworksBuildPhase section */

/* Begin PBXGroup section */
		0BBF1B486C461D58942AD483 /* Frameworks */ = {
			isa = PBXGroup;
			children = (
				B8D6F1D9F8EFE29F9C2B5F9B /* Pods_iOSTest.framework */,
				EE120DC79C449A6EBE9A795E /* Pods_iOSTestTests.framework */,
				4415C61F51B3CC77F19AA4E3 /* Pods_iOSTestUITests.framework */,
				80C2098261C208111369931E /* Pods_iPinger.framework */,
				EEF1CBE1EED019F8FB36A339 /* Pods_iPingerTests.framework */,
				16F8D86C61CCC753352102C1 /* Pods_iPingerUITests.framework */,
			);
			name = Frameworks;
			sourceTree = "<group>";
		};
		CB114E0B0C4CCD278C075966 /* Pods */ = {
			isa = PBXGroup;
			children = (
				FDC710F413F025304C6ED2F9 /* Pods-iOSTest.debug.xcconfig */,
				C1263E6AD48F3BB608E3D9E5 /* Pods-iOSTest.release.xcconfig */,
				27A37A04E8D57793A1640754 /* Pods-iOSTestTests.debug.xcconfig */,
				BD05A6DE4E9F9416E837F265 /* Pods-iOSTestTests.release.xcconfig */,
				297979948121B29E6BF8B00E /* Pods-iOSTestUITests.debug.xcconfig */,
				9B8F308A30510C711B997DF7 /* Pods-iOSTestUITests.release.xcconfig */,
				93377B1BD8984F2982E44981 /* Pods-iPinger.debug.xcconfig */,
				A688F70BBC5B39C6B31CAA23 /* Pods-iPinger.release.xcconfig */,
				781C5D2732C1497DA5D589DC /* Pods-iPingerTests.debug.xcconfig */,
				FDE27841B46204F892337D56 /* Pods-iPingerTests.release.xcconfig */,
				13326E7798BABDEB22C624D6 /* Pods-iPingerUITests.debug.xcconfig */,
				A8494E531581D5BE3C3D0015 /* Pods-iPingerUITests.release.xcconfig */,
			);
			name = Pods;
			sourceTree = "<group>";
		};
		E8E5BF39224B7DB000A8C24D = {
			isa = PBXGroup;
			children = (
				E8E5BF44224B7DB000A8C24D /* iPingerTest */,
				E8E5BF5C224B7DB300A8C24D /* iPingerTests */,
				E8E5BF67224B7DB300A8C24D /* iPingerUITests */,
				E8E5BF43224B7DB000A8C24D /* Products */,
				CB114E0B0C4CCD278C075966 /* Pods */,
				0BBF1B486C461D58942AD483 /* Frameworks */,
			);
			sourceTree = "<group>";
		};
		E8E5BF43224B7DB000A8C24D /* Products */ = {
			isa = PBXGroup;
			children = (
				E8E5BF42224B7DB000A8C24D /* iPinger.app */,
				E8E5BF59224B7DB300A8C24D /* iPingerTests.xctest */,
				E8E5BF64224B7DB300A8C24D /* iPingerUITests.xctest */,
			);
			name = Products;
			sourceTree = "<group>";
		};
		E8E5BF44224B7DB000A8C24D /* iPingerTest */ = {
			isa = PBXGroup;
			children = (
				E8E5BF45224B7DB000A8C24D /* AppDelegate.swift */,
				E8E5BF47224B7DB000A8C24D /* ViewController.swift */,
				E8E94BFE22523EA700BA9224 /* InfoViewController.swift */,
				E8E5BF49224B7DB000A8C24D /* Main.storyboard */,
				E8E5BF4F224B7DB300A8C24D /* Assets.xcassets */,
				E8E94BFC22523B9300BA9224 /* info.swift */,
				E8E5BF51224B7DB300A8C24D /* LaunchScreen.storyboard */,
				E8E5BF54224B7DB300A8C24D /* Info.plist */,
				E8E5BF4C224B7DB000A8C24D /* iOSTest.xcdatamodeld */,
			);
			path = iPingerTest;
			sourceTree = "<group>";
		};
		E8E5BF5C224B7DB300A8C24D /* iPingerTests */ = {
			isa = PBXGroup;
			children = (
				E8E5BF5D224B7DB300A8C24D /* iOSTestTests.swift */,
				E8E5BF5F224B7DB300A8C24D /* Info.plist */,
			);
			path = iPingerTests;
			sourceTree = "<group>";
		};
		E8E5BF67224B7DB300A8C24D /* iPingerUITests */ = {
			isa = PBXGroup;
			children = (
				E8E5BF68224B7DB300A8C24D /* iOSTestUITests.swift */,
				E8E5BF6A224B7DB300A8C24D /* Info.plist */,
			);
			path = iPingerUITests;
			sourceTree = "<group>";
		};
/* End PBXGroup section */

/* Begin PBXNativeTarget section */
		E8E5BF41224B7DB000A8C24D /* iPinger */ = {
			isa = PBXNativeTarget;
			buildConfigurationList = E8E5BF6D224B7DB300A8C24D /* Build configuration list for PBXNativeTarget "iPinger" */;
			buildPhases = (
				991245E761808CB056F93BAF /* [CP] Check Pods Manifest.lock */,
				E8E5BF3E224B7DB000A8C24D /* Sources */,
				E8E5BF3F224B7DB000A8C24D /* Frameworks */,
				E8E5BF40224B7DB000A8C24D /* Resources */,
				73BBF68F07B56D885F1AF68F /* [CP] Embed Pods Frameworks */,
			);
			buildRules = (
			);
			dependencies = (
			);
			name = iPinger;
			productName = iOSTest;
			productReference = E8E5BF42224B7DB000A8C24D /* iPinger.app */;
			productType = "com.apple.product-type.application";
		};
		E8E5BF58224B7DB300A8C24D /* iPingerTests */ = {
			isa = PBXNativeTarget;
			buildConfigurationList = E8E5BF70224B7DB300A8C24D /* Build configuration list for PBXNativeTarget "iPingerTests" */;
			buildPhases = (
				26D9F0817BABFA4CE7B6DE70 /* [CP] Check Pods Manifest.lock */,
				E8E5BF55224B7DB300A8C24D /* Sources */,
				E8E5BF56224B7DB300A8C24D /* Frameworks */,
				E8E5BF57224B7DB300A8C24D /* Resources */,
			);
			buildRules = (
			);
			dependencies = (
				E8E5BF5B224B7DB300A8C24D /* PBXTargetDependency */,
			);
			name = iPingerTests;
			productName = iOSTestTests;
			productReference = E8E5BF59224B7DB300A8C24D /* iPingerTests.xctest */;
			productType = "com.apple.product-type.bundle.unit-test";
		};
		E8E5BF63224B7DB300A8C24D /* iPingerUITests */ = {
			isa = PBXNativeTarget;
			buildConfigurationList = E8E5BF73224B7DB300A8C24D /* Build configuration list for PBXNativeTarget "iPingerUITests" */;
			buildPhases = (
				430FED8082D19B3353A92F70 /* [CP] Check Pods Manifest.lock */,
				E8E5BF60224B7DB300A8C24D /* Sources */,
				E8E5BF61224B7DB300A8C24D /* Frameworks */,
				E8E5BF62224B7DB300A8C24D /* Resources */,
			);
			buildRules = (
			);
			dependencies = (
				E8E5BF66224B7DB300A8C24D /* PBXTargetDependency */,
			);
			name = iPingerUITests;
			productName = iOSTestUITests;
			productReference = E8E5BF64224B7DB300A8C24D /* iPingerUITests.xctest */;
			productType = "com.apple.product-type.bundle.ui-testing";
		};
/* End PBXNativeTarget section */

/* Begin PBXProject section */
		E8E5BF3A224B7DB000A8C24D /* Project object */ = {
			isa = PBXProject;
			attributes = {
				LastSwiftUpdateCheck = 1010;
				LastUpgradeCheck = 1010;
				ORGANIZATIONNAME = jpitkanen;
				TargetAttributes = {
					E8E5BF41224B7DB000A8C24D = {
						CreatedOnToolsVersion = 10.1;
					};
					E8E5BF58224B7DB300A8C24D = {
						CreatedOnToolsVersion = 10.1;
						TestTargetID = E8E5BF41224B7DB000A8C24D;
					};
					E8E5BF63224B7DB300A8C24D = {
						CreatedOnToolsVersion = 10.1;
						TestTargetID = E8E5BF41224B7DB000A8C24D;
					};
				};
			};
			buildConfigurationList = E8E5BF3D224B7DB000A8C24D /* Build configuration list for PBXProject "iPinger" */;
			compatibilityVersion = "Xcode 9.3";
			developmentRegion = en;
			hasScannedForEncodings = 0;
			knownRegions = (
				en,
				Base,
			);
			mainGroup = E8E5BF39224B7DB000A8C24D;
			productRefGroup = E8E5BF43224B7DB000A8C24D /* Products */;
			projectDirPath = "";
			projectRoot = "";
			targets = (
				E8E5BF41224B7DB000A8C24D /* iPinger */,
				E8E5BF58224B7DB300A8C24D /* iPingerTests */,
				E8E5BF63224B7DB300A8C24D /* iPingerUITests */,
			);
		};
/* End PBXProject section */

/* Begin PBXResourcesBuildPhase section */
		E8E5BF40224B7DB000A8C24D /* Resources */ = {
			isa = PBXResourcesBuildPhase;
			buildActionMask = 2147483647;
			files = (
				E8E5BF53224B7DB300A8C24D /* LaunchScreen.storyboard in Resources */,
				E8E5BF50224B7DB300A8C24D /* Assets.xcassets in Resources */,
				E8E5BF4B224B7DB000A8C24D /* Main.storyboard in Resources */,
			);
			runOnlyForDeploymentPostprocessing = 0;
		};
		E8E5BF57224B7DB300A8C24D /* Resources */ = {
			isa = PBXResourcesBuildPhase;
			buildActionMask = 2147483647;
			files = (
			);
			runOnlyForDeploymentPostprocessing = 0;
		};
		E8E5BF62224B7DB300A8C24D /* Resources */ = {
			isa = PBXResourcesBuildPhase;
			buildActionMask = 2147483647;
			files = (
			);
			runOnlyForDeploymentPostprocessing = 0;
		};
/* End PBXResourcesBuildPhase section */

/* Begin PBXShellScriptBuildPhase section */
		26D9F0817BABFA4CE7B6DE70 /* [CP] Check Pods Manifest.lock */ = {
			isa = PBXShellScriptBuildPhase;
			buildActionMask = 2147483647;
			files = (
			);
			inputPaths = (
				"${PODS_PODFILE_DIR_PATH}/Podfile.lock",
				"${PODS_ROOT}/Manifest.lock",
			);
			name = "[CP] Check Pods Manifest.lock";
			outputPaths = (
				"$(DERIVED_FILE_DIR)/Pods-iPingerTests-checkManifestLockResult.txt",
			);
			runOnlyForDeploymentPostprocessing = 0;
			shellPath = /bin/sh;
			shellScript = "diff \"${PODS_PODFILE_DIR_PATH}/Podfile.lock\" \"${PODS_ROOT}/Manifest.lock\" > /dev/null\nif [ $? != 0 ] ; then\n    # print error to STDERR\n    echo \"error: The sandbox is not in sync with the Podfile.lock. Run 'pod install' or update your CocoaPods installation.\" >&2\n    exit 1\nfi\n# This output is used by Xcode 'outputs' to avoid re-running this script phase.\necho \"SUCCESS\" > \"${SCRIPT_OUTPUT_FILE_0}\"\n";
			showEnvVarsInLog = 0;
		};
		430FED8082D19B3353A92F70 /* [CP] Check Pods Manifest.lock */ = {
			isa = PBXShellScriptBuildPhase;
			buildActionMask = 2147483647;
			files = (
			);
			inputPaths = (
				"${PODS_PODFILE_DIR_PATH}/Podfile.lock",
				"${PODS_ROOT}/Manifest.lock",
			);
			name = "[CP] Check Pods Manifest.lock";
			outputPaths = (
				"$(DERIVED_FILE_DIR)/Pods-iPingerUITests-checkManifestLockResult.txt",
			);
			runOnlyForDeploymentPostprocessing = 0;
			shellPath = /bin/sh;
			shellScript = "diff \"${PODS_PODFILE_DIR_PATH}/Podfile.lock\" \"${PODS_ROOT}/Manifest.lock\" > /dev/null\nif [ $? != 0 ] ; then\n    # print error to STDERR\n    echo \"error: The sandbox is not in sync with the Podfile.lock. Run 'pod install' or update your CocoaPods installation.\" >&2\n    exit 1\nfi\n# This output is used by Xcode 'outputs' to avoid re-running this script phase.\necho \"SUCCESS\" > \"${SCRIPT_OUTPUT_FILE_0}\"\n";
			showEnvVarsInLog = 0;
		};
		73BBF68F07B56D885F1AF68F /* [CP] Embed Pods Frameworks */ = {
			isa = PBXShellScriptBuildPhase;
			buildActionMask = 2147483647;
			files = (
			);
			inputPaths = (
				"${SRCROOT}/Pods/Target Support Files/Pods-iPinger/Pods-iPinger-frameworks.sh",
				"${BUILT_PRODUCTS_DIR}/PlainPing/PlainPing.framework",
				"${BUILT_PRODUCTS_DIR}/ReachabilitySwift/Reachability.framework",
			);
			name = "[CP] Embed Pods Frameworks";
			outputPaths = (
				"${TARGET_BUILD_DIR}/${FRAMEWORKS_FOLDER_PATH}/PlainPing.framework",
				"${TARGET_BUILD_DIR}/${FRAMEWORKS_FOLDER_PATH}/Reachability.framework",
			);
			runOnlyForDeploymentPostprocessing = 0;
			shellPath = /bin/sh;
			shellScript = "\"${SRCROOT}/Pods/Target Support Files/Pods-iPinger/Pods-iPinger-frameworks.sh\"\n";
			showEnvVarsInLog = 0;
		};
		991245E761808CB056F93BAF /* [CP] Check Pods Manifest.lock */ = {
			isa = PBXShellScriptBuildPhase;
			buildActionMask = 2147483647;
			files = (
			);
			inputPaths = (
				"${PODS_PODFILE_DIR_PATH}/Podfile.lock",
				"${PODS_ROOT}/Manifest.lock",
			);
			name = "[CP] Check Pods Manifest.lock";
			outputPaths = (
				"$(DERIVED_FILE_DIR)/Pods-iPinger-checkManifestLockResult.txt",
			);
			runOnlyForDeploymentPostprocessing = 0;
			shellPath = /bin/sh;
			shellScript = "diff \"${PODS_PODFILE_DIR_PATH}/Podfile.lock\" \"${PODS_ROOT}/Manifest.lock\" > /dev/null\nif [ $? != 0 ] ; then\n    # print error to STDERR\n    echo \"error: The sandbox is not in sync with the Podfile.lock. Run 'pod install' or update your CocoaPods installation.\" >&2\n    exit 1\nfi\n# This output is used by Xcode 'outputs' to avoid re-running this script phase.\necho \"SUCCESS\" > \"${SCRIPT_OUTPUT_FILE_0}\"\n";
			showEnvVarsInLog = 0;
		};
/* End PBXShellScriptBuildPhase section */

/* Begin PBXSourcesBuildPhase section */
		E8E5BF3E224B7DB000A8C24D /* Sources */ = {
			isa = PBXSourcesBuildPhase;
			buildActionMask = 2147483647;
			files = (
				E8E5BF48224B7DB000A8C24D /* ViewController.swift in Sources */,
				E8E94BFD22523B9300BA9224 /* info.swift in Sources */,
				E8E5BF46224B7DB000A8C24D /* AppDelegate.swift in Sources */,
				E8E5BF4E224B7DB000A8C24D /* iOSTest.xcdatamodeld in Sources */,
				E8E94BFF22523EA700BA9224 /* InfoViewController.swift in Sources */,
			);
			runOnlyForDeploymentPostprocessing = 0;
		};
		E8E5BF55224B7DB300A8C24D /* Sources */ = {
			isa = PBXSourcesBuildPhase;
			buildActionMask = 2147483647;
			files = (
				E8E5BF5E224B7DB300A8C24D /* iOSTestTests.swift in Sources */,
			);
			runOnlyForDeploymentPostprocessing = 0;
		};
		E8E5BF60224B7DB300A8C24D /* Sources */ = {
			isa = PBXSourcesBuildPhase;
			buildActionMask = 2147483647;
			files = (
				E8E5BF69224B7DB300A8C24D /* iOSTestUITests.swift in Sources */,
			);
			runOnlyForDeploymentPostprocessing = 0;
		};
/* End PBXSourcesBuildPhase section */

/* Begin PBXTargetDependency section */
		E8E5BF5B224B7DB300A8C24D /* PBXTargetDependency */ = {
			isa = PBXTargetDependency;
			target = E8E5BF41224B7DB000A8C24D /* iPinger */;
			targetProxy = E8E5BF5A224B7DB300A8C24D /* PBXContainerItemProxy */;
		};
		E8E5BF66224B7DB300A8C24D /* PBXTargetDependency */ = {
			isa = PBXTargetDependency;
			target = E8E5BF41224B7DB000A8C24D /* iPinger */;
			targetProxy = E8E5BF65224B7DB300A8C24D /* PBXContainerItemProxy */;
		};
/* End PBXTargetDependency section */

/* Begin PBXVariantGroup section */
		E8E5BF49224B7DB000A8C24D /* Main.storyboard */ = {
			isa = PBXVariantGroup;
			children = (
				E8E5BF4A224B7DB000A8C24D /* Base */,
			);
			name = Main.storyboard;
			sourceTree = "<group>";
		};
		E8E5BF51224B7DB300A8C24D /* LaunchScreen.storyboard */ = {
			isa = PBXVariantGroup;
			children = (
				E8E5BF52224B7DB300A8C24D /* Base */,
			);
			name = LaunchScreen.storyboard;
			sourceTree = "<group>";
		};
/* End PBXVariantGroup section */

/* Begin XCBuildConfiguration section */
		E8E5BF6B224B7DB300A8C24D /* Debug */ = {
			isa = XCBuildConfiguration;
			buildSettings = {
				ALWAYS_SEARCH_USER_PATHS = NO;
				CLANG_ANALYZER_NONNULL = YES;
				CLANG_ANALYZER_NUMBER_OBJECT_CONVERSION = YES_AGGRESSIVE;
				CLANG_CXX_LANGUAGE_STANDARD = "gnu++14";
				CLANG_CXX_LIBRARY = "libc++";
				CLANG_ENABLE_MODULES = YES;
				CLANG_ENABLE_OBJC_ARC = YES;
				CLANG_ENABLE_OBJC_WEAK = YES;
				CLANG_WARN_BLOCK_CAPTURE_AUTORELEASING = YES;
				CLANG_WARN_BOOL_CONVERSION = YES;
				CLANG_WARN_COMMA = YES;
				CLANG_WARN_CONSTANT_CONVERSION = YES;
				CLANG_WARN_DEPRECATED_OBJC_IMPLEMENTATIONS = YES;
				CLANG_WARN_DIRECT_OBJC_ISA_USAGE = YES_ERROR;
				CLANG_WARN_DOCUMENTATION_COMMENTS = YES;
				CLANG_WARN_EMPTY_BODY = YES;
				CLANG_WARN_ENUM_CONVERSION = YES;
				CLANG_WARN_INFINITE_RECURSION = YES;
				CLANG_WARN_INT_CONVERSION = YES;
				CLANG_WARN_NON_LITERAL_NULL_CONVERSION = YES;
				CLANG_WARN_OBJC_IMPLICIT_RETAIN_SELF = YES;
				CLANG_WARN_OBJC_LITERAL_CONVERSION = YES;
				CLANG_WARN_OBJC_ROOT_CLASS = YES_ERROR;
				CLANG_WARN_RANGE_LOOP_ANALYSIS = YES;
				CLANG_WARN_STRICT_PROTOTYPES = YES;
				CLANG_WARN_SUSPICIOUS_MOVE = YES;
				CLANG_WARN_UNGUARDED_AVAILABILITY = YES_AGGRESSIVE;
				CLANG_WARN_UNREACHABLE_CODE = YES;
				CLANG_WARN__DUPLICATE_METHOD_MATCH = YES;
				CODE_SIGN_IDENTITY = "iPhone Developer";
				COPY_PHASE_STRIP = NO;
				DEBUG_INFORMATION_FORMAT = dwarf;
				ENABLE_STRICT_OBJC_MSGSEND = YES;
				ENABLE_TESTABILITY = YES;
				GCC_C_LANGUAGE_STANDARD = gnu11;
				GCC_DYNAMIC_NO_PIC = NO;
				GCC_NO_COMMON_BLOCKS = YES;
				GCC_OPTIMIZATION_LEVEL = 0;
				GCC_PREPROCESSOR_DEFINITIONS = (
					"DEBUG=1",
					"$(inherited)",
				);
				GCC_WARN_64_TO_32_BIT_CONVERSION = YES;
				GCC_WARN_ABOUT_RETURN_TYPE = YES_ERROR;
				GCC_WARN_UNDECLARED_SELECTOR = YES;
				GCC_WARN_UNINITIALIZED_AUTOS = YES_AGGRESSIVE;
				GCC_WARN_UNUSED_FUNCTION = YES;
				GCC_WARN_UNUSED_VARIABLE = YES;
				IPHONEOS_DEPLOYMENT_TARGET = 12.1;
				MTL_ENABLE_DEBUG_INFO = INCLUDE_SOURCE;
				MTL_FAST_MATH = YES;
				ONLY_ACTIVE_ARCH = YES;
				SDKROOT = iphoneos;
				SWIFT_ACTIVE_COMPILATION_CONDITIONS = DEBUG;
				SWIFT_OPTIMIZATION_LEVEL = "-Onone";
			};
			name = Debug;
		};
		E8E5BF6C224B7DB300A8C24D /* Release */ = {
			isa = XCBuildConfiguration;
			buildSettings = {
				ALWAYS_SEARCH_USER_PATHS = NO;
				CLANG_ANALYZER_NONNULL = YES;
				CLANG_ANALYZER_NUMBER_OBJECT_CONVERSION = YES_AGGRESSIVE;
				CLANG_CXX_LANGUAGE_STANDARD = "gnu++14";
				CLANG_CXX_LIBRARY = "libc++";
				CLANG_ENABLE_MODULES = YES;
				CLANG_ENABLE_OBJC_ARC = YES;
				CLANG_ENABLE_OBJC_WEAK = YES;
				CLANG_WARN_BLOCK_CAPTURE_AUTORELEASING = YES;
				CLANG_WARN_BOOL_CONVERSION = YES;
				CLANG_WARN_COMMA = YES;
				CLANG_WARN_CONSTANT_CONVERSION = YES;
				CLANG_WARN_DEPRECATED_OBJC_IMPLEMENTATIONS = YES;
				CLANG_WARN_DIRECT_OBJC_ISA_USAGE = YES_ERROR;
				CLANG_WARN_DOCUMENTATION_COMMENTS = YES;
				CLANG_WARN_EMPTY_BODY = YES;
				CLANG_WARN_ENUM_CONVERSION = YES;
				CLANG_WARN_INFINITE_RECURSION = YES;
				CLANG_WARN_INT_CONVERSION = YES;
				CLANG_WARN_NON_LITERAL_NULL_CONVERSION = YES;
				CLANG_WARN_OBJC_IMPLICIT_RETAIN_SELF = YES;
				CLANG_WARN_OBJC_LITERAL_CONVERSION = YES;
				CLANG_WARN_OBJC_ROOT_CLASS = YES_ERROR;
				CLANG_WARN_RANGE_LOOP_ANALYSIS = YES;
				CLANG_WARN_STRICT_PROTOTYPES = YES;
				CLANG_WARN_SUSPICIOUS_MOVE = YES;
				CLANG_WARN_UNGUARDED_AVAILABILITY = YES_AGGRESSIVE;
				CLANG_WARN_UNREACHABLE_CODE = YES;
				CLANG_WARN__DUPLICATE_METHOD_MATCH = YES;
				CODE_SIGN_IDENTITY = "iPhone Developer";
				COPY_PHASE_STRIP = NO;
				DEBUG_INFORMATION_FORMAT = "dwarf-with-dsym";
				ENABLE_NS_ASSERTIONS = NO;
				ENABLE_STRICT_OBJC_MSGSEND = YES;
				GCC_C_LANGUAGE_STANDARD = gnu11;
				GCC_NO_COMMON_BLOCKS = YES;
				GCC_WARN_64_TO_32_BIT_CONVERSION = YES;
				GCC_WARN_ABOUT_RETURN_TYPE = YES_ERROR;
				GCC_WARN_UNDECLARED_SELECTOR = YES;
				GCC_WARN_UNINITIALIZED_AUTOS = YES_AGGRESSIVE;
				GCC_WARN_UNUSED_FUNCTION = YES;
				GCC_WARN_UNUSED_VARIABLE = YES;
				IPHONEOS_DEPLOYMENT_TARGET = 12.1;
				MTL_ENABLE_DEBUG_INFO = NO;
				MTL_FAST_MATH = YES;
				SDKROOT = iphoneos;
				SWIFT_COMPILATION_MODE = wholemodule;
				SWIFT_OPTIMIZATION_LEVEL = "-O";
				VALIDATE_PRODUCT = YES;
			};
			name = Release;
		};
		E8E5BF6E224B7DB300A8C24D /* Debug */ = {
			isa = XCBuildConfiguration;
			baseConfigurationReference = 93377B1BD8984F2982E44981 /* Pods-iPinger.debug.xcconfig */;
			buildSettings = {
				ASSETCATALOG_COMPILER_APPICON_NAME = AppIcon;
				CODE_SIGN_STYLE = Automatic;
				DEVELOPMENT_TEAM = 74RWVTYMM3;
				INFOPLIST_FILE = "$(SRCROOT)/iPingerTest/Info.plist";
				LD_RUNPATH_SEARCH_PATHS = (
					"$(inherited)",
					"@executable_path/Frameworks",
				);
				PRODUCT_BUNDLE_IDENTIFIER = jpitkanen.iOSTest;
				PRODUCT_NAME = "$(TARGET_NAME)";
				SWIFT_VERSION = 4.2;
				TARGETED_DEVICE_FAMILY = "1,2";
			};
			name = Debug;
		};
		E8E5BF6F224B7DB300A8C24D /* Release */ = {
			isa = XCBuildConfiguration;
			baseConfigurationReference = A688F70BBC5B39C6B31CAA23 /* Pods-iPinger.release.xcconfig */;
			buildSettings = {
				ASSETCATALOG_COMPILER_APPICON_NAME = AppIcon;
				CODE_SIGN_STYLE = Automatic;
				DEVELOPMENT_TEAM = 74RWVTYMM3;
				INFOPLIST_FILE = "$(SRCROOT)/iPingerTest/Info.plist";
				LD_RUNPATH_SEARCH_PATHS = (
					"$(inherited)",
					"@executable_path/Frameworks",
				);
				PRODUCT_BUNDLE_IDENTIFIER = jpitkanen.iOSTest;
				PRODUCT_NAME = "$(TARGET_NAME)";
				SWIFT_VERSION = 4.2;
				TARGETED_DEVICE_FAMILY = "1,2";
			};
			name = Release;
		};
		E8E5BF71224B7DB300A8C24D /* Debug */ = {
			isa = XCBuildConfiguration;
			baseConfigurationReference = 781C5D2732C1497DA5D589DC /* Pods-iPingerTests.debug.xcconfig */;
			buildSettings = {
				ALWAYS_EMBED_SWIFT_STANDARD_LIBRARIES = YES;
				BUNDLE_LOADER = "$(TEST_HOST)";
				CODE_SIGN_STYLE = Automatic;
				DEVELOPMENT_TEAM = 74RWVTYMM3;
				INFOPLIST_FILE = iOSTestTests/Info.plist;
				LD_RUNPATH_SEARCH_PATHS = (
					"$(inherited)",
					"@executable_path/Frameworks",
					"@loader_path/Frameworks",
				);
				PRODUCT_BUNDLE_IDENTIFIER = jpitkanen.iOSTestTests;
				PRODUCT_NAME = "$(TARGET_NAME)";
				SWIFT_VERSION = 4.2;
				TARGETED_DEVICE_FAMILY = "1,2";
				TEST_HOST = "$(BUILT_PRODUCTS_DIR)/iPinger.temp_caseinsensitive_rename.app/iPinger.temp_caseinsensitive_rename";
			};
			name = Debug;
		};
		E8E5BF72224B7DB300A8C24D /* Release */ = {
			isa = XCBuildConfiguration;
			baseConfigurationReference = FDE27841B46204F892337D56 /* Pods-iPingerTests.release.xcconfig */;
			buildSettings = {
				ALWAYS_EMBED_SWIFT_STANDARD_LIBRARIES = YES;
				BUNDLE_LOADER = "$(TEST_HOST)";
				CODE_SIGN_STYLE = Automatic;
				DEVELOPMENT_TEAM = 74RWVTYMM3;
				INFOPLIST_FILE = iOSTestTests/Info.plist;
				LD_RUNPATH_SEARCH_PATHS = (
					"$(inherited)",
					"@executable_path/Frameworks",
					"@loader_path/Frameworks",
				);
				PRODUCT_BUNDLE_IDENTIFIER = jpitkanen.iOSTestTests;
				PRODUCT_NAME = "$(TARGET_NAME)";
				SWIFT_VERSION = 4.2;
				TARGETED_DEVICE_FAMILY = "1,2";
				TEST_HOST = "$(BUILT_PRODUCTS_DIR)/iPinger.temp_caseinsensitive_rename.app/iPinger.temp_caseinsensitive_rename";
			};
			name = Release;
		};
		E8E5BF74224B7DB300A8C24D /* Debug */ = {
			isa = XCBuildConfiguration;
			baseConfigurationReference = 13326E7798BABDEB22C624D6 /* Pods-iPingerUITests.debug.xcconfig */;
			buildSettings = {
				ALWAYS_EMBED_SWIFT_STANDARD_LIBRARIES = YES;
				CODE_SIGN_STYLE = Automatic;
				DEVELOPMENT_TEAM = 74RWVTYMM3;
				INFOPLIST_FILE = iOSTestUITests/Info.plist;
				LD_RUNPATH_SEARCH_PATHS = (
					"$(inherited)",
					"@executable_path/Frameworks",
					"@loader_path/Frameworks",
				);
				PRODUCT_BUNDLE_IDENTIFIER = jpitkanen.iOSTestUITests;
				PRODUCT_NAME = "$(TARGET_NAME)";
				SWIFT_VERSION = 4.2;
				TARGETED_DEVICE_FAMILY = "1,2";
				TEST_TARGET_NAME = iOSTest;
			};
			name = Debug;
		};
		E8E5BF75224B7DB300A8C24D /* Release */ = {
			isa = XCBuildConfiguration;
			baseConfigurationReference = A8494E531581D5BE3C3D0015 /* Pods-iPingerUITests.release.xcconfig */;
			buildSettings = {
				ALWAYS_EMBED_SWIFT_STANDARD_LIBRARIES = YES;
				CODE_SIGN_STYLE = Automatic;
				DEVELOPMENT_TEAM = 74RWVTYMM3;
				INFOPLIST_FILE = iOSTestUITests/Info.plist;
				LD_RUNPATH_SEARCH_PATHS = (
					"$(inherited)",
					"@executable_path/Frameworks",
					"@loader_path/Frameworks",
				);
				PRODUCT_BUNDLE_IDENTIFIER = jpitkanen.iOSTestUITests;
				PRODUCT_NAME = "$(TARGET_NAME)";
				SWIFT_VERSION = 4.2;
				TARGETED_DEVICE_FAMILY = "1,2";
				TEST_TARGET_NAME = iOSTest;
			};
			name = Release;
		};
/* End XCBuildConfiguration section */

/* Begin XCConfigurationList section */
		E8E5BF3D224B7DB000A8C24D /* Build configuration list for PBXProject "iPinger" */ = {
			isa = XCConfigurationList;
			buildConfigurations = (
				E8E5BF6B224B7DB300A8C24D /* Debug */,
				E8E5BF6C224B7DB300A8C24D /* Release */,
			);
			defaultConfigurationIsVisible = 0;
			defaultConfigurationName = Release;
		};
		E8E5BF6D224B7DB300A8C24D /* Build configuration list for PBXNativeTarget "iPinger" */ = {
			isa = XCConfigurationList;
			buildConfigurations = (
				E8E5BF6E224B7DB300A8C24D /* Debug */,
				E8E5BF6F224B7DB300A8C24D /* Release */,
			);
			defaultConfigurationIsVisible = 0;
			defaultConfigurationName = Release;
		};
		E8E5BF70224B7DB300A8C24D /* Build configuration list for PBXNativeTarget "iPingerTests" */ = {
			isa = XCConfigurationList;
			buildConfigurations = (
				E8E5BF71224B7DB300A8C24D /* Debug */,
				E8E5BF72224B7DB300A8C24D /* Release */,
			);
			defaultConfigurationIsVisible = 0;
			defaultConfigurationName = Release;
		};
		E8E5BF73224B7DB300A8C24D /* Build configuration list for PBXNativeTarget "iPingerUITests" */ = {
			isa = XCConfigurationList;
			buildConfigurations = (
				E8E5BF74224B7DB300A8C24D /* Debug */,
				E8E5BF75224B7DB300A8C24D /* Release */,
			);
			defaultConfigurationIsVisible = 0;
			defaultConfigurationName = Release;
		};
/* End XCConfigurationList section */

/* Begin XCVersionGroup section */
		E8E5BF4C224B7DB000A8C24D /* iOSTest.xcdatamodeld */ = {
			isa = XCVersionGroup;
			children = (
				E8E5BF4D224B7DB000A8C24D /* iOSTest.xcdatamodel */,
			);
			currentVersion = E8E5BF4D224B7DB000A8C24D /* iOSTest.xcdatamodel */;
			path = iOSTest.xcdatamodeld;
			sourceTree = "<group>";
			versionGroupType = wrapper.xcdatamodel;
		};
/* End XCVersionGroup section */
	};
	rootObject = E8E5BF3A224B7DB000A8C24D /* Project object */;
}
